
Microsoft Visual Studio Solution File, Format Version 12.00
# Visual Studio Version 16
VisualStudioVersion = 16.0.29306.81
MinimumVisualStudioVersion = 10.0.40219.1
Project("{8BC9CEB8-8B4A-11D0-8D11-00A0C91BC942}") = "p17", "p17\p17.vcxproj", "{664E6481-CFD7-48DC-B8D6-12C0E7E7E0F7}"
EndProject
Global
	GlobalSection(SolutionConfigurationPlatforms) = preSolution
		Debug|x64 = Debug|x64
		Debug|x86 = Debug|x86
		Release|x64 = Release|x64
		Release|x86 = Release|x86
	EndGlobalSection
	GlobalSection(ProjectConfigurationPlatforms) = postSolution
		{664E6481-CFD7-48DC-B8D6-12C0E7E7E0F7}.Debug|x64.ActiveCfg = Debug|x64
		{664E6481-CFD7-48DC-B8D6-12C0E7E7E0F7}.Debug|x64.Build.0 = Debug|x64
		{664E6481-CFD7-48DC-B8D6-12C0E7E7E0F7}.Debug|x86.ActiveCfg = Debug|Win32
		{664E6481-CFD7-48DC-B8D6-12C0E7E7E0F7}.Debug|x86.Build.0 = Debug|Win32
		{664E6481-CFD7-48DC-B8D6-12C0E7E7E0F7}.Release|x64.ActiveCfg = Release|x64
		{664E6481-CFD7-48DC-B8D6-12C0E7E7E0F7}.Release|x64.Build.0 = Release|x64
		{664E6481-CFD7-48DC-B8D6-12C0E7E7E0F7}.Release|x86.ActiveCfg = Release|Win32
		{664E6481-CFD7-48DC-B8D6-12C0E7E7E0F7}.Release|x86.Build.0 = Release|Win32
	EndGlobalSection
	GlobalSection(SolutionProperties) = preSolution
		HideSolutionNode = FALSE
	EndGlobalSection
	GlobalSection(ExtensibilityGlobals) = postSolution
		SolutionGuid = {4E605A52-1F7C-4531-9C76-B224F1F8D67E}
	EndGlobalSection
EndGlobal
